
Microsoft Visual Studio Solution File, Format Version 12.00
# Visual Studio 2012
Project("{FAE04EC0-301F-11D3-BF4B-00C04F79EFBC}") = "BenNote.Web", "BenNote.Web\BenNote.Web.csproj", "{9DD58B3B-6A5E-4E23-A086-4EC198A07E8F}"
EndProject
Project("{FAE04EC0-301F-11D3-BF4B-00C04F79EFBC}") = "BenNote.Model", "BenNote.Model\BenNote.Model.csproj", "{033D77CA-55E2-43F0-ABBC-1CA332FB68F1}"
EndProject
Project("{F088123C-0E9E-452A-89E6-6BA2F21D5CAC}") = "BenNote.Design", "BenNote.Design\BenNote.Design.modelproj", "{25F44F60-8F0B-4969-85E3-CE45885A1DA0}"
EndProject
Project("{FAE04EC0-301F-11D3-BF4B-00C04F79EFBC}") = "BenNote.DesignLib", "BenNote.DesignLib\BenNote.DesignLib.csproj", "{CCE23F02-7B2F-4FA2-B4D5-254DB9E45606}"
EndProject
Project("{FAE04EC0-301F-11D3-BF4B-00C04F79EFBC}") = "BenNote.Data", "BenNote.Data\BenNote.Data.csproj", "{4533BDBF-E33B-4D31-9855-78D2CD9BBECC}"
EndProject
Project("{2150E333-8FDC-42A3-9474-1A3956D46DE8}") = "Data", "Data", "{FD7AD508-0A61-40A6-8ADF-0DB15E08B140}"
EndProject
Project("{2150E333-8FDC-42A3-9474-1A3956D46DE8}") = "Model", "Model", "{FCBF5E7E-A0FD-466E-9ECE-4C3DFDA7E153}"
EndProject
Project("{2150E333-8FDC-42A3-9474-1A3956D46DE8}") = "Design", "Design", "{AB7D454A-E00B-4016-A9BF-6BBE49D8FA93}"
EndProject
Project("{2150E333-8FDC-42A3-9474-1A3956D46DE8}") = "Web", "Web", "{CC9ACC10-EB14-485C-AA5E-21D2495D49DD}"
EndProject
Project("{FAE04EC0-301F-11D3-BF4B-00C04F79EFBC}") = "BenNote.Web.Tests", "BenNote.Web.Tests\BenNote.Web.Tests.csproj", "{5E0E5042-7D67-4359-B9F6-7B56B4A01CBE}"
EndProject
Project("{FAE04EC0-301F-11D3-BF4B-00C04F79EFBC}") = "BenNote.Model.Tests", "BenNote.Model.Tests\BenNote.Model.Tests.csproj", "{97ADE23B-5BBE-4B07-BB91-0A17E332EEE6}"
EndProject
Project("{FAE04EC0-301F-11D3-BF4B-00C04F79EFBC}") = "BenNote.Data.Tests", "BenNote.Data.Tests\BenNote.Data.Tests.csproj", "{389E6C35-207C-487E-BFC4-3A0D3BE8BB34}"
EndProject
Project("{2150E333-8FDC-42A3-9474-1A3956D46DE8}") = "Application", "Application", "{EC5CAF63-5ABC-485E-ABC1-A6A6119497E5}"
EndProject
Project("{FAE04EC0-301F-11D3-BF4B-00C04F79EFBC}") = "BenNote.Application", "BenNote.Application\BenNote.Application.csproj", "{284C6084-DCF7-438F-8776-9D152AE2819F}"
EndProject
Project("{FAE04EC0-301F-11D3-BF4B-00C04F79EFBC}") = "BenNote.Application.Tests", "BenNote.Application.Tests\BenNote.Application.Tests.csproj", "{FBE3DE9A-82AB-4B7A-9E24-968DB95617FA}"
EndProject
Project("{2150E333-8FDC-42A3-9474-1A3956D46DE8}") = "Infrastructure", "Infrastructure", "{17F76A88-A517-4948-9A20-9D2BFA5F88D6}"
EndProject
Project("{FAE04EC0-301F-11D3-BF4B-00C04F79EFBC}") = "BenNote.Security", "BenNote.Security\BenNote.Security.csproj", "{4DCAB4B2-2F3A-45B2-902A-FD5B387A023F}"
EndProject
Project("{2150E333-8FDC-42A3-9474-1A3956D46DE8}") = ".nuget", ".nuget", "{B845E58C-6052-419F-8CE7-FD23D68CA2F7}"
	ProjectSection(SolutionItems) = preProject
		.nuget\NuGet.Config = .nuget\NuGet.Config
		.nuget\NuGet.exe = .nuget\NuGet.exe
		.nuget\NuGet.targets = .nuget\NuGet.targets
	EndProjectSection
EndProject
Project("{FAE04EC0-301F-11D3-BF4B-00C04F79EFBC}") = "BenNote.Data.EF", "BenNote.Data.EF\BenNote.Data.EF.csproj", "{0D92138C-E9F2-4C8A-B36B-17A86EC0444A}"
EndProject
Global
	GlobalSection(SolutionConfigurationPlatforms) = preSolution
		Debug|Any CPU = Debug|Any CPU
		Release|Any CPU = Release|Any CPU
	EndGlobalSection
	GlobalSection(ProjectConfigurationPlatforms) = postSolution
		{9DD58B3B-6A5E-4E23-A086-4EC198A07E8F}.Debug|Any CPU.ActiveCfg = Debug|Any CPU
		{9DD58B3B-6A5E-4E23-A086-4EC198A07E8F}.Debug|Any CPU.Build.0 = Debug|Any CPU
		{9DD58B3B-6A5E-4E23-A086-4EC198A07E8F}.Release|Any CPU.ActiveCfg = Release|Any CPU
		{9DD58B3B-6A5E-4E23-A086-4EC198A07E8F}.Release|Any CPU.Build.0 = Release|Any CPU
		{033D77CA-55E2-43F0-ABBC-1CA332FB68F1}.Debug|Any CPU.ActiveCfg = Debug|Any CPU
		{033D77CA-55E2-43F0-ABBC-1CA332FB68F1}.Debug|Any CPU.Build.0 = Debug|Any CPU
		{033D77CA-55E2-43F0-ABBC-1CA332FB68F1}.Release|Any CPU.ActiveCfg = Release|Any CPU
		{033D77CA-55E2-43F0-ABBC-1CA332FB68F1}.Release|Any CPU.Build.0 = Release|Any CPU
		{25F44F60-8F0B-4969-85E3-CE45885A1DA0}.Debug|Any CPU.ActiveCfg = Debug|Any CPU
		{25F44F60-8F0B-4969-85E3-CE45885A1DA0}.Release|Any CPU.ActiveCfg = Release|Any CPU
		{25F44F60-8F0B-4969-85E3-CE45885A1DA0}.Release|Any CPU.Build.0 = Release|Any CPU
		{CCE23F02-7B2F-4FA2-B4D5-254DB9E45606}.Debug|Any CPU.ActiveCfg = Debug|Any CPU
		{CCE23F02-7B2F-4FA2-B4D5-254DB9E45606}.Release|Any CPU.ActiveCfg = Release|Any CPU
		{CCE23F02-7B2F-4FA2-B4D5-254DB9E45606}.Release|Any CPU.Build.0 = Release|Any CPU
		{4533BDBF-E33B-4D31-9855-78D2CD9BBECC}.Debug|Any CPU.ActiveCfg = Debug|Any CPU
		{4533BDBF-E33B-4D31-9855-78D2CD9BBECC}.Debug|Any CPU.Build.0 = Debug|Any CPU
		{4533BDBF-E33B-4D31-9855-78D2CD9BBECC}.Release|Any CPU.ActiveCfg = Release|Any CPU
		{4533BDBF-E33B-4D31-9855-78D2CD9BBECC}.Release|Any CPU.Build.0 = Release|Any CPU
		{5E0E5042-7D67-4359-B9F6-7B56B4A01CBE}.Debug|Any CPU.ActiveCfg = Debug|Any CPU
		{5E0E5042-7D67-4359-B9F6-7B56B4A01CBE}.Debug|Any CPU.Build.0 = Debug|Any CPU
		{5E0E5042-7D67-4359-B9F6-7B56B4A01CBE}.Release|Any CPU.ActiveCfg = Release|Any CPU
		{5E0E5042-7D67-4359-B9F6-7B56B4A01CBE}.Release|Any CPU.Build.0 = Release|Any CPU
		{97ADE23B-5BBE-4B07-BB91-0A17E332EEE6}.Debug|Any CPU.ActiveCfg = Debug|Any CPU
		{97ADE23B-5BBE-4B07-BB91-0A17E332EEE6}.Debug|Any CPU.Build.0 = Debug|Any CPU
		{97ADE23B-5BBE-4B07-BB91-0A17E332EEE6}.Release|Any CPU.ActiveCfg = Release|Any CPU
		{97ADE23B-5BBE-4B07-BB91-0A17E332EEE6}.Release|Any CPU.Build.0 = Release|Any CPU
		{389E6C35-207C-487E-BFC4-3A0D3BE8BB34}.Debug|Any CPU.ActiveCfg = Debug|Any CPU
		{389E6C35-207C-487E-BFC4-3A0D3BE8BB34}.Debug|Any CPU.Build.0 = Debug|Any CPU
		{389E6C35-207C-487E-BFC4-3A0D3BE8BB34}.Release|Any CPU.ActiveCfg = Release|Any CPU
		{389E6C35-207C-487E-BFC4-3A0D3BE8BB34}.Release|Any CPU.Build.0 = Release|Any CPU
		{284C6084-DCF7-438F-8776-9D152AE2819F}.Debug|Any CPU.ActiveCfg = Debug|Any CPU
		{284C6084-DCF7-438F-8776-9D152AE2819F}.Debug|Any CPU.Build.0 = Debug|Any CPU
		{284C6084-DCF7-438F-8776-9D152AE2819F}.Release|Any CPU.ActiveCfg = Release|Any CPU
		{284C6084-DCF7-438F-8776-9D152AE2819F}.Release|Any CPU.Build.0 = Release|Any CPU
		{FBE3DE9A-82AB-4B7A-9E24-968DB95617FA}.Debug|Any CPU.ActiveCfg = Debug|Any CPU
		{FBE3DE9A-82AB-4B7A-9E24-968DB95617FA}.Debug|Any CPU.Build.0 = Debug|Any CPU
		{FBE3DE9A-82AB-4B7A-9E24-968DB95617FA}.Release|Any CPU.ActiveCfg = Release|Any CPU
		{FBE3DE9A-82AB-4B7A-9E24-968DB95617FA}.Release|Any CPU.Build.0 = Release|Any CPU
		{4DCAB4B2-2F3A-45B2-902A-FD5B387A023F}.Debug|Any CPU.ActiveCfg = Debug|Any CPU
		{4DCAB4B2-2F3A-45B2-902A-FD5B387A023F}.Release|Any CPU.ActiveCfg = Release|Any CPU
		{4DCAB4B2-2F3A-45B2-902A-FD5B387A023F}.Release|Any CPU.Build.0 = Release|Any CPU
		{0D92138C-E9F2-4C8A-B36B-17A86EC0444A}.Debug|Any CPU.ActiveCfg = Debug|Any CPU
		{0D92138C-E9F2-4C8A-B36B-17A86EC0444A}.Debug|Any CPU.Build.0 = Debug|Any CPU
		{0D92138C-E9F2-4C8A-B36B-17A86EC0444A}.Release|Any CPU.ActiveCfg = Release|Any CPU
		{0D92138C-E9F2-4C8A-B36B-17A86EC0444A}.Release|Any CPU.Build.0 = Release|Any CPU
	EndGlobalSection
	GlobalSection(SolutionProperties) = preSolution
		HideSolutionNode = FALSE
	EndGlobalSection
	GlobalSection(NestedProjects) = preSolution
		{9DD58B3B-6A5E-4E23-A086-4EC198A07E8F} = {CC9ACC10-EB14-485C-AA5E-21D2495D49DD}
		{5E0E5042-7D67-4359-B9F6-7B56B4A01CBE} = {CC9ACC10-EB14-485C-AA5E-21D2495D49DD}
		{033D77CA-55E2-43F0-ABBC-1CA332FB68F1} = {FCBF5E7E-A0FD-466E-9ECE-4C3DFDA7E153}
		{97ADE23B-5BBE-4B07-BB91-0A17E332EEE6} = {FCBF5E7E-A0FD-466E-9ECE-4C3DFDA7E153}
		{CCE23F02-7B2F-4FA2-B4D5-254DB9E45606} = {AB7D454A-E00B-4016-A9BF-6BBE49D8FA93}
		{25F44F60-8F0B-4969-85E3-CE45885A1DA0} = {AB7D454A-E00B-4016-A9BF-6BBE49D8FA93}
		{4533BDBF-E33B-4D31-9855-78D2CD9BBECC} = {FD7AD508-0A61-40A6-8ADF-0DB15E08B140}
		{389E6C35-207C-487E-BFC4-3A0D3BE8BB34} = {FD7AD508-0A61-40A6-8ADF-0DB15E08B140}
		{0D92138C-E9F2-4C8A-B36B-17A86EC0444A} = {FD7AD508-0A61-40A6-8ADF-0DB15E08B140}
		{284C6084-DCF7-438F-8776-9D152AE2819F} = {EC5CAF63-5ABC-485E-ABC1-A6A6119497E5}
		{FBE3DE9A-82AB-4B7A-9E24-968DB95617FA} = {EC5CAF63-5ABC-485E-ABC1-A6A6119497E5}
		{4DCAB4B2-2F3A-45B2-902A-FD5B387A023F} = {17F76A88-A517-4948-9A20-9D2BFA5F88D6}
	EndGlobalSection
EndGlobal
